
Microsoft Visual Studio Solution File, Format Version 12.00
# Visual Studio Version 17
VisualStudioVersion = 17.8.34322.80
MinimumVisualStudioVersion = 10.0.40219.1
Project("{2150E333-8FDC-42A3-9474-1A3956D46DE8}") = "src", "src", "{A9548C77-E4F8-4CF0-8255-95B0BBECB02C}"
EndProject
Project("{2150E333-8FDC-42A3-9474-1A3956D46DE8}") = "tests", "tests", "{FEDBE367-2947-4A25-A614-E8B927F19B2B}"
EndProject
Project("{9A19103F-16F7-4668-BE54-9A1E7A4F7556}") = "PetsAlone", "PetsAlone\PetsAlone.csproj", "{3174E8EB-F4E5-431D-890C-448FE053A158}"
EndProject
Project("{9A19103F-16F7-4668-BE54-9A1E7A4F7556}") = "PetsAlone.Tests", "PetsAlone.Tests\PetsAlone.Tests.csproj", "{8B4EF5B0-82AF-4D50-8629-3021093610E2}"
EndProject
Global
	GlobalSection(SolutionConfigurationPlatforms) = preSolution
		Debug|Any CPU = Debug|Any CPU
		Release|Any CPU = Release|Any CPU
	EndGlobalSection
	GlobalSection(ProjectConfigurationPlatforms) = postSolution
		{3174E8EB-F4E5-431D-890C-448FE053A158}.Debug|Any CPU.ActiveCfg = Debug|Any CPU
		{3174E8EB-F4E5-431D-890C-448FE053A158}.Debug|Any CPU.Build.0 = Debug|Any CPU
		{3174E8EB-F4E5-431D-890C-448FE053A158}.Release|Any CPU.ActiveCfg = Release|Any CPU
		{3174E8EB-F4E5-431D-890C-448FE053A158}.Release|Any CPU.Build.0 = Release|Any CPU
		{8B4EF5B0-82AF-4D50-8629-3021093610E2}.Debug|Any CPU.ActiveCfg = Debug|Any CPU
		{8B4EF5B0-82AF-4D50-8629-3021093610E2}.Debug|Any CPU.Build.0 = Debug|Any CPU
		{8B4EF5B0-82AF-4D50-8629-3021093610E2}.Release|Any CPU.ActiveCfg = Release|Any CPU
		{8B4EF5B0-82AF-4D50-8629-3021093610E2}.Release|Any CPU.Build.0 = Release|Any CPU
	EndGlobalSection
	GlobalSection(SolutionProperties) = preSolution
		HideSolutionNode = FALSE
	EndGlobalSection
	GlobalSection(NestedProjects) = preSolution
		{3174E8EB-F4E5-431D-890C-448FE053A158} = {A9548C77-E4F8-4CF0-8255-95B0BBECB02C}
		{8B4EF5B0-82AF-4D50-8629-3021093610E2} = {FEDBE367-2947-4A25-A614-E8B927F19B2B}
	EndGlobalSection
	GlobalSection(ExtensibilityGlobals) = postSolution
		SolutionGuid = {038A1701-FBAD-44FB-B092-53DD3429521F}
	EndGlobalSection
EndGlobal
